// !$*UTF8*$!
{
	archiveVersion = 1;
	classes = {
	};
	objectVersion = 51;
	objects = {

/* Begin PBXBuildFile section */
		32B73A0056A08E6CA4ACEB6A /* Pods_MakeUs6thTests.framework in Frameworks */ = {isa = PBXBuildFile; fileRef = 4BA4294624A8EDA85695D658 /* Pods_MakeUs6thTests.framework */; };
		3D38FD9525F106F0005A9547 /* Constant.swift in Sources */ = {isa = PBXBuildFile; fileRef = 3D38FD9425F106F0005A9547 /* Constant.swift */; };
		3D38FD9B25F1074E005A9547 /* Color.swift in Sources */ = {isa = PBXBuildFile; fileRef = 3D38FD9A25F1074E005A9547 /* Color.swift */; };
		3D38FDA025F107DB005A9547 /* UIView.swift in Sources */ = {isa = PBXBuildFile; fileRef = 3D38FD9F25F107DB005A9547 /* UIView.swift */; };
		3D38FDA525F107F7005A9547 /* UIButton.swift in Sources */ = {isa = PBXBuildFile; fileRef = 3D38FDA425F107F7005A9547 /* UIButton.swift */; };
		3D38FDAA25F1080F005A9547 /* UIViewController.swift in Sources */ = {isa = PBXBuildFile; fileRef = 3D38FDA925F1080F005A9547 /* UIViewController.swift */; };
		3D38FDAF25F1082D005A9547 /* UINavigationBar.swift in Sources */ = {isa = PBXBuildFile; fileRef = 3D38FDAE25F1082D005A9547 /* UINavigationBar.swift */; };
		3D38FDB425F10A7B005A9547 /* BaseTabBarController.swift in Sources */ = {isa = PBXBuildFile; fileRef = 3D38FDB325F10A7B005A9547 /* BaseTabBarController.swift */; };
		3D38FDBA25F10BBE005A9547 /* IndicatorView.swift in Sources */ = {isa = PBXBuildFile; fileRef = 3D38FDB925F10BBE005A9547 /* IndicatorView.swift */; };
		3D78326225E1555A000D96E4 /* BaseViewController.swift in Sources */ = {isa = PBXBuildFile; fileRef = 3D78326125E1555A000D96E4 /* BaseViewController.swift */; };
		3DC5097F25DA4AF300E2579B /* AppDelegate.swift in Sources */ = {isa = PBXBuildFile; fileRef = 3DC5097E25DA4AF300E2579B /* AppDelegate.swift */; };
		3DC5098125DA4AF300E2579B /* SceneDelegate.swift in Sources */ = {isa = PBXBuildFile; fileRef = 3DC5098025DA4AF300E2579B /* SceneDelegate.swift */; };
		3DC5098325DA4AF300E2579B /* ViewController.swift in Sources */ = {isa = PBXBuildFile; fileRef = 3DC5098225DA4AF300E2579B /* ViewController.swift */; };
		3DC5098625DA4AF300E2579B /* Main.storyboard in Resources */ = {isa = PBXBuildFile; fileRef = 3DC5098425DA4AF300E2579B /* Main.storyboard */; };
		3DC5098825DA4AF400E2579B /* Assets.xcassets in Resources */ = {isa = PBXBuildFile; fileRef = 3DC5098725DA4AF400E2579B /* Assets.xcassets */; };
		3DC5098B25DA4AF400E2579B /* LaunchScreen.storyboard in Resources */ = {isa = PBXBuildFile; fileRef = 3DC5098925DA4AF400E2579B /* LaunchScreen.storyboard */; };
		3DC5099625DA4AF400E2579B /* MakeUs6thTests.swift in Sources */ = {isa = PBXBuildFile; fileRef = 3DC5099525DA4AF400E2579B /* MakeUs6thTests.swift */; };
		3DC509A125DA4AF400E2579B /* MakeUs6thUITests.swift in Sources */ = {isa = PBXBuildFile; fileRef = 3DC509A025DA4AF400E2579B /* MakeUs6thUITests.swift */; };
		491B8A154AC31C5FC386CA7F /* Pods_MakeUs6th_MakeUs6thUITests.framework in Frameworks */ = {isa = PBXBuildFile; fileRef = 8C050E33145EF856A3205F9B /* Pods_MakeUs6th_MakeUs6thUITests.framework */; };
		DB7382E001A09C5682965459 /* Pods_MakeUs6th.framework in Frameworks */ = {isa = PBXBuildFile; fileRef = AB32B4E43EA97ED52CA1E3CA /* Pods_MakeUs6th.framework */; };
/* End PBXBuildFile section */

/* Begin PBXContainerItemProxy section */
		3DC5099225DA4AF400E2579B /* PBXContainerItemProxy */ = {
			isa = PBXContainerItemProxy;
			containerPortal = 3DC5097325DA4AF300E2579B /* Project object */;
			proxyType = 1;
			remoteGlobalIDString = 3DC5097A25DA4AF300E2579B;
			remoteInfo = MakeUs6th;
		};
		3DC5099D25DA4AF400E2579B /* PBXContainerItemProxy */ = {
			isa = PBXContainerItemProxy;
			containerPortal = 3DC5097325DA4AF300E2579B /* Project object */;
			proxyType = 1;
			remoteGlobalIDString = 3DC5097A25DA4AF300E2579B;
			remoteInfo = MakeUs6th;
		};
/* End PBXContainerItemProxy section */

/* Begin PBXFileReference section */
		3D38FD9425F106F0005A9547 /* Constant.swift */ = {isa = PBXFileReference; lastKnownFileType = sourcecode.swift; path = Constant.swift; sourceTree = "<group>"; };
		3D38FD9A25F1074E005A9547 /* Color.swift */ = {isa = PBXFileReference; lastKnownFileType = sourcecode.swift; path = Color.swift; sourceTree = "<group>"; };
		3D38FD9F25F107DB005A9547 /* UIView.swift */ = {isa = PBXFileReference; lastKnownFileType = sourcecode.swift; path = UIView.swift; sourceTree = "<group>"; };
		3D38FDA425F107F7005A9547 /* UIButton.swift */ = {isa = PBXFileReference; lastKnownFileType = sourcecode.swift; path = UIButton.swift; sourceTree = "<group>"; };
		3D38FDA925F1080F005A9547 /* UIViewController.swift */ = {isa = PBXFileReference; lastKnownFileType = sourcecode.swift; path = UIViewController.swift; sourceTree = "<group>"; };
		3D38FDAE25F1082D005A9547 /* UINavigationBar.swift */ = {isa = PBXFileReference; lastKnownFileType = sourcecode.swift; path = UINavigationBar.swift; sourceTree = "<group>"; };
		3D38FDB325F10A7B005A9547 /* BaseTabBarController.swift */ = {isa = PBXFileReference; lastKnownFileType = sourcecode.swift; path = BaseTabBarController.swift; sourceTree = "<group>"; };
		3D38FDB925F10BBE005A9547 /* IndicatorView.swift */ = {isa = PBXFileReference; lastKnownFileType = sourcecode.swift; path = IndicatorView.swift; sourceTree = "<group>"; };
		3D78326125E1555A000D96E4 /* BaseViewController.swift */ = {isa = PBXFileReference; lastKnownFileType = sourcecode.swift; path = BaseViewController.swift; sourceTree = "<group>"; };
		3DC5097B25DA4AF300E2579B /* MakeUs6th.app */ = {isa = PBXFileReference; explicitFileType = wrapper.application; includeInIndex = 0; path = MakeUs6th.app; sourceTree = BUILT_PRODUCTS_DIR; };
		3DC5097E25DA4AF300E2579B /* AppDelegate.swift */ = {isa = PBXFileReference; lastKnownFileType = sourcecode.swift; path = AppDelegate.swift; sourceTree = "<group>"; };
		3DC5098025DA4AF300E2579B /* SceneDelegate.swift */ = {isa = PBXFileReference; lastKnownFileType = sourcecode.swift; path = SceneDelegate.swift; sourceTree = "<group>"; };
		3DC5098225DA4AF300E2579B /* ViewController.swift */ = {isa = PBXFileReference; lastKnownFileType = sourcecode.swift; path = ViewController.swift; sourceTree = "<group>"; };
		3DC5098525DA4AF300E2579B /* Base */ = {isa = PBXFileReference; lastKnownFileType = file.storyboard; name = Base; path = Base.lproj/Main.storyboard; sourceTree = "<group>"; };
		3DC5098725DA4AF400E2579B /* Assets.xcassets */ = {isa = PBXFileReference; lastKnownFileType = folder.assetcatalog; path = Assets.xcassets; sourceTree = "<group>"; };
		3DC5098A25DA4AF400E2579B /* Base */ = {isa = PBXFileReference; lastKnownFileType = file.storyboard; name = Base; path = Base.lproj/LaunchScreen.storyboard; sourceTree = "<group>"; };
		3DC5098C25DA4AF400E2579B /* Info.plist */ = {isa = PBXFileReference; lastKnownFileType = text.plist.xml; path = Info.plist; sourceTree = "<group>"; };
		3DC5099125DA4AF400E2579B /* MakeUs6thTests.xctest */ = {isa = PBXFileReference; explicitFileType = wrapper.cfbundle; includeInIndex = 0; path = MakeUs6thTests.xctest; sourceTree = BUILT_PRODUCTS_DIR; };
		3DC5099525DA4AF400E2579B /* MakeUs6thTests.swift */ = {isa = PBXFileReference; lastKnownFileType = sourcecode.swift; path = MakeUs6thTests.swift; sourceTree = "<group>"; };
		3DC5099725DA4AF400E2579B /* Info.plist */ = {isa = PBXFileReference; lastKnownFileType = text.plist.xml; path = Info.plist; sourceTree = "<group>"; };
		3DC5099C25DA4AF400E2579B /* MakeUs6thUITests.xctest */ = {isa = PBXFileReference; explicitFileType = wrapper.cfbundle; includeInIndex = 0; path = MakeUs6thUITests.xctest; sourceTree = BUILT_PRODUCTS_DIR; };
		3DC509A025DA4AF400E2579B /* MakeUs6thUITests.swift */ = {isa = PBXFileReference; lastKnownFileType = sourcecode.swift; path = MakeUs6thUITests.swift; sourceTree = "<group>"; };
		3DC509A225DA4AF400E2579B /* Info.plist */ = {isa = PBXFileReference; lastKnownFileType = text.plist.xml; path = Info.plist; sourceTree = "<group>"; };
		4BA4294624A8EDA85695D658 /* Pods_MakeUs6thTests.framework */ = {isa = PBXFileReference; explicitFileType = wrapper.framework; includeInIndex = 0; path = Pods_MakeUs6thTests.framework; sourceTree = BUILT_PRODUCTS_DIR; };
		6BF97901F021DD2EEC916BD8 /* Pods-MakeUs6th-MakeUs6thUITests.debug.xcconfig */ = {isa = PBXFileReference; includeInIndex = 1; lastKnownFileType = text.xcconfig; name = "Pods-MakeUs6th-MakeUs6thUITests.debug.xcconfig"; path = "Target Support Files/Pods-MakeUs6th-MakeUs6thUITests/Pods-MakeUs6th-MakeUs6thUITests.debug.xcconfig"; sourceTree = "<group>"; };
		7F76AB6DE1C983CA5EDF93D3 /* Pods-MakeUs6th-MakeUs6thUITests.release.xcconfig */ = {isa = PBXFileReference; includeInIndex = 1; lastKnownFileType = text.xcconfig; name = "Pods-MakeUs6th-MakeUs6thUITests.release.xcconfig"; path = "Target Support Files/Pods-MakeUs6th-MakeUs6thUITests/Pods-MakeUs6th-MakeUs6thUITests.release.xcconfig"; sourceTree = "<group>"; };
		84EEBF91C8F1429AF5F7C103 /* Pods-MakeUs6th.debug.xcconfig */ = {isa = PBXFileReference; includeInIndex = 1; lastKnownFileType = text.xcconfig; name = "Pods-MakeUs6th.debug.xcconfig"; path = "Target Support Files/Pods-MakeUs6th/Pods-MakeUs6th.debug.xcconfig"; sourceTree = "<group>"; };
		8C050E33145EF856A3205F9B /* Pods_MakeUs6th_MakeUs6thUITests.framework */ = {isa = PBXFileReference; explicitFileType = wrapper.framework; includeInIndex = 0; path = Pods_MakeUs6th_MakeUs6thUITests.framework; sourceTree = BUILT_PRODUCTS_DIR; };
		AB32B4E43EA97ED52CA1E3CA /* Pods_MakeUs6th.framework */ = {isa = PBXFileReference; explicitFileType = wrapper.framework; includeInIndex = 0; path = Pods_MakeUs6th.framework; sourceTree = BUILT_PRODUCTS_DIR; };
		ADB334690D781C0C16465366 /* Pods-MakeUs6th.release.xcconfig */ = {isa = PBXFileReference; includeInIndex = 1; lastKnownFileType = text.xcconfig; name = "Pods-MakeUs6th.release.xcconfig"; path = "Target Support Files/Pods-MakeUs6th/Pods-MakeUs6th.release.xcconfig"; sourceTree = "<group>"; };
		BCF026A6FC6B8448DA9B5F03 /* Pods-MakeUs6thTests.release.xcconfig */ = {isa = PBXFileReference; includeInIndex = 1; lastKnownFileType = text.xcconfig; name = "Pods-MakeUs6thTests.release.xcconfig"; path = "Target Support Files/Pods-MakeUs6thTests/Pods-MakeUs6thTests.release.xcconfig"; sourceTree = "<group>"; };
		DC145DBE2F322EEF9FF17E19 /* Pods-MakeUs6thTests.debug.xcconfig */ = {isa = PBXFileReference; includeInIndex = 1; lastKnownFileType = text.xcconfig; name = "Pods-MakeUs6thTests.debug.xcconfig"; path = "Target Support Files/Pods-MakeUs6thTests/Pods-MakeUs6thTests.debug.xcconfig"; sourceTree = "<group>"; };
/* End PBXFileReference section */

/* Begin PBXFrameworksBuildPhase section */
		3DC5097825DA4AF300E2579B /* Frameworks */ = {
			isa = PBXFrameworksBuildPhase;
			buildActionMask = 2147483647;
			files = (
				DB7382E001A09C5682965459 /* Pods_MakeUs6th.framework in Frameworks */,
			);
			runOnlyForDeploymentPostprocessing = 0;
		};
		3DC5098E25DA4AF400E2579B /* Frameworks */ = {
			isa = PBXFrameworksBuildPhase;
			buildActionMask = 2147483647;
			files = (
				32B73A0056A08E6CA4ACEB6A /* Pods_MakeUs6thTests.framework in Frameworks */,
			);
			runOnlyForDeploymentPostprocessing = 0;
		};
		3DC5099925DA4AF400E2579B /* Frameworks */ = {
			isa = PBXFrameworksBuildPhase;
			buildActionMask = 2147483647;
			files = (
				491B8A154AC31C5FC386CA7F /* Pods_MakeUs6th_MakeUs6thUITests.framework in Frameworks */,
			);
			runOnlyForDeploymentPostprocessing = 0;
		};
/* End PBXFrameworksBuildPhase section */

/* Begin PBXGroup section */
		3D38FD9925F10721005A9547 /* Extension */ = {
			isa = PBXGroup;
			children = (
				3D38FD9A25F1074E005A9547 /* Color.swift */,
				3D38FD9F25F107DB005A9547 /* UIView.swift */,
				3D38FDA425F107F7005A9547 /* UIButton.swift */,
				3D38FDA925F1080F005A9547 /* UIViewController.swift */,
				3D38FDAE25F1082D005A9547 /* UINavigationBar.swift */,
			);
			path = Extension;
			sourceTree = "<group>";
		};
		3D38FDB825F10BAD005A9547 /* CommonClass */ = {
			isa = PBXGroup;
			children = (
				3D38FDB925F10BBE005A9547 /* IndicatorView.swift */,
			);
			path = CommonClass;
			sourceTree = "<group>";
		};
		3D78325F25E15534000D96E4 /* Configuration */ = {
			isa = PBXGroup;
			children = (
				3D38FDB825F10BAD005A9547 /* CommonClass */,
				3D38FD9925F10721005A9547 /* Extension */,
				3D38FD9425F106F0005A9547 /* Constant.swift */,
				3D78326025E1554F000D96E4 /* Base */,
			);
			path = Configuration;
			sourceTree = "<group>";
		};
		3D78326025E1554F000D96E4 /* Base */ = {
			isa = PBXGroup;
			children = (
				3D78326125E1555A000D96E4 /* BaseViewController.swift */,
				3D38FDB325F10A7B005A9547 /* BaseTabBarController.swift */,
			);
			path = Base;
			sourceTree = "<group>";
		};
		3DC5097225DA4AF300E2579B = {
			isa = PBXGroup;
			children = (
				3DC5097D25DA4AF300E2579B /* MakeUs6th */,
				3DC5099425DA4AF400E2579B /* MakeUs6thTests */,
				3DC5099F25DA4AF400E2579B /* MakeUs6thUITests */,
				3DC5097C25DA4AF300E2579B /* Products */,
				9769CD1C2726CAA13D8B5E5B /* Pods */,
				9891FD410FCEB803A4CC8E5E /* Frameworks */,
			);
			sourceTree = "<group>";
		};
		3DC5097C25DA4AF300E2579B /* Products */ = {
			isa = PBXGroup;
			children = (
				3DC5097B25DA4AF300E2579B /* MakeUs6th.app */,
				3DC5099125DA4AF400E2579B /* MakeUs6thTests.xctest */,
				3DC5099C25DA4AF400E2579B /* MakeUs6thUITests.xctest */,
			);
			name = Products;
			sourceTree = "<group>";
		};
		3DC5097D25DA4AF300E2579B /* MakeUs6th */ = {
			isa = PBXGroup;
			children = (
				3D78325F25E15534000D96E4 /* Configuration */,
				3DC5097E25DA4AF300E2579B /* AppDelegate.swift */,
				3DC5098025DA4AF300E2579B /* SceneDelegate.swift */,
				3DC5098225DA4AF300E2579B /* ViewController.swift */,
				3DC5098425DA4AF300E2579B /* Main.storyboard */,
				3DC5098725DA4AF400E2579B /* Assets.xcassets */,
				3DC5098925DA4AF400E2579B /* LaunchScreen.storyboard */,
				3DC5098C25DA4AF400E2579B /* Info.plist */,
			);
			path = MakeUs6th;
			sourceTree = "<group>";
		};
		3DC5099425DA4AF400E2579B /* MakeUs6thTests */ = {
			isa = PBXGroup;
			children = (
				3DC5099525DA4AF400E2579B /* MakeUs6thTests.swift */,
				3DC5099725DA4AF400E2579B /* Info.plist */,
			);
			path = MakeUs6thTests;
			sourceTree = "<group>";
		};
		3DC5099F25DA4AF400E2579B /* MakeUs6thUITests */ = {
			isa = PBXGroup;
			children = (
				3DC509A025DA4AF400E2579B /* MakeUs6thUITests.swift */,
				3DC509A225DA4AF400E2579B /* Info.plist */,
			);
			path = MakeUs6thUITests;
			sourceTree = "<group>";
		};
		9769CD1C2726CAA13D8B5E5B /* Pods */ = {
			isa = PBXGroup;
			children = (
				84EEBF91C8F1429AF5F7C103 /* Pods-MakeUs6th.debug.xcconfig */,
				ADB334690D781C0C16465366 /* Pods-MakeUs6th.release.xcconfig */,
				6BF97901F021DD2EEC916BD8 /* Pods-MakeUs6th-MakeUs6thUITests.debug.xcconfig */,
				7F76AB6DE1C983CA5EDF93D3 /* Pods-MakeUs6th-MakeUs6thUITests.release.xcconfig */,
				DC145DBE2F322EEF9FF17E19 /* Pods-MakeUs6thTests.debug.xcconfig */,
				BCF026A6FC6B8448DA9B5F03 /* Pods-MakeUs6thTests.release.xcconfig */,
			);
			path = Pods;
			sourceTree = "<group>";
		};
		9891FD410FCEB803A4CC8E5E /* Frameworks */ = {
			isa = PBXGroup;
			children = (
				AB32B4E43EA97ED52CA1E3CA /* Pods_MakeUs6th.framework */,
				8C050E33145EF856A3205F9B /* Pods_MakeUs6th_MakeUs6thUITests.framework */,
				4BA4294624A8EDA85695D658 /* Pods_MakeUs6thTests.framework */,
			);
			name = Frameworks;
			sourceTree = "<group>";
		};
/* End PBXGroup section */

/* Begin PBXNativeTarget section */
		3DC5097A25DA4AF300E2579B /* MakeUs6th */ = {
			isa = PBXNativeTarget;
			buildConfigurationList = 3DC509A525DA4AF400E2579B /* Build configuration list for PBXNativeTarget "MakeUs6th" */;
			buildPhases = (
				CE8261F62086913719B521EF /* [CP] Check Pods Manifest.lock */,
				3DC5097725DA4AF300E2579B /* Sources */,
				3DC5097825DA4AF300E2579B /* Frameworks */,
				3DC5097925DA4AF300E2579B /* Resources */,
				7BF679BE8F7567827B192198 /* [CP] Embed Pods Frameworks */,
			);
			buildRules = (
			);
			dependencies = (
			);
			name = MakeUs6th;
			productName = MakeUs6th;
			productReference = 3DC5097B25DA4AF300E2579B /* MakeUs6th.app */;
			productType = "com.apple.product-type.application";
		};
		3DC5099025DA4AF400E2579B /* MakeUs6thTests */ = {
			isa = PBXNativeTarget;
			buildConfigurationList = 3DC509A825DA4AF400E2579B /* Build configuration list for PBXNativeTarget "MakeUs6thTests" */;
			buildPhases = (
				A5B8F3C27A2313F2CBC75507 /* [CP] Check Pods Manifest.lock */,
				3DC5098D25DA4AF400E2579B /* Sources */,
				3DC5098E25DA4AF400E2579B /* Frameworks */,
				3DC5098F25DA4AF400E2579B /* Resources */,
			);
			buildRules = (
			);
			dependencies = (
				3DC5099325DA4AF400E2579B /* PBXTargetDependency */,
			);
			name = MakeUs6thTests;
			productName = MakeUs6thTests;
			productReference = 3DC5099125DA4AF400E2579B /* MakeUs6thTests.xctest */;
			productType = "com.apple.product-type.bundle.unit-test";
		};
		3DC5099B25DA4AF400E2579B /* MakeUs6thUITests */ = {
			isa = PBXNativeTarget;
			buildConfigurationList = 3DC509AB25DA4AF400E2579B /* Build configuration list for PBXNativeTarget "MakeUs6thUITests" */;
			buildPhases = (
				F378A54C932C632A8303C8F1 /* [CP] Check Pods Manifest.lock */,
				3DC5099825DA4AF400E2579B /* Sources */,
				3DC5099925DA4AF400E2579B /* Frameworks */,
				3DC5099A25DA4AF400E2579B /* Resources */,
				740DDD5D0193B9AD44DFA048 /* [CP] Embed Pods Frameworks */,
			);
			buildRules = (
			);
			dependencies = (
				3DC5099E25DA4AF400E2579B /* PBXTargetDependency */,
			);
			name = MakeUs6thUITests;
			productName = MakeUs6thUITests;
			productReference = 3DC5099C25DA4AF400E2579B /* MakeUs6thUITests.xctest */;
			productType = "com.apple.product-type.bundle.ui-testing";
		};
/* End PBXNativeTarget section */

/* Begin PBXProject section */
		3DC5097325DA4AF300E2579B /* Project object */ = {
			isa = PBXProject;
			attributes = {
				LastSwiftUpdateCheck = 1240;
				LastUpgradeCheck = 1240;
				TargetAttributes = {
					3DC5097A25DA4AF300E2579B = {
						CreatedOnToolsVersion = 12.4;
					};
					3DC5099025DA4AF400E2579B = {
						CreatedOnToolsVersion = 12.4;
						TestTargetID = 3DC5097A25DA4AF300E2579B;
					};
					3DC5099B25DA4AF400E2579B = {
						CreatedOnToolsVersion = 12.4;
						TestTargetID = 3DC5097A25DA4AF300E2579B;
					};
				};
			};
			buildConfigurationList = 3DC5097625DA4AF300E2579B /* Build configuration list for PBXProject "MakeUs6th" */;
			compatibilityVersion = "Xcode 9.3";
			developmentRegion = en;
			hasScannedForEncodings = 0;
			knownRegions = (
				en,
				Base,
			);
			mainGroup = 3DC5097225DA4AF300E2579B;
			productRefGroup = 3DC5097C25DA4AF300E2579B /* Products */;
			projectDirPath = "";
			projectRoot = "";
			targets = (
				3DC5097A25DA4AF300E2579B /* MakeUs6th */,
				3DC5099025DA4AF400E2579B /* MakeUs6thTests */,
				3DC5099B25DA4AF400E2579B /* MakeUs6thUITests */,
			);
		};
/* End PBXProject section */

/* Begin PBXResourcesBuildPhase section */
		3DC5097925DA4AF300E2579B /* Resources */ = {
			isa = PBXResourcesBuildPhase;
			buildActionMask = 2147483647;
			files = (
				3DC5098B25DA4AF400E2579B /* LaunchScreen.storyboard in Resources */,
				3DC5098825DA4AF400E2579B /* Assets.xcassets in Resources */,
				3DC5098625DA4AF300E2579B /* Main.storyboard in Resources */,
			);
			runOnlyForDeploymentPostprocessing = 0;
		};
		3DC5098F25DA4AF400E2579B /* Resources */ = {
			isa = PBXResourcesBuildPhase;
			buildActionMask = 2147483647;
			files = (
			);
			runOnlyForDeploymentPostprocessing = 0;
		};
		3DC5099A25DA4AF400E2579B /* Resources */ = {
			isa = PBXResourcesBuildPhase;
			buildActionMask = 2147483647;
			files = (
			);
			runOnlyForDeploymentPostprocessing = 0;
		};
/* End PBXResourcesBuildPhase section */

/* Begin PBXShellScriptBuildPhase section */
		740DDD5D0193B9AD44DFA048 /* [CP] Embed Pods Frameworks */ = {
			isa = PBXShellScriptBuildPhase;
			buildActionMask = 2147483647;
			files = (
			);
			inputFileListPaths = (
				"${PODS_ROOT}/Target Support Files/Pods-MakeUs6th-MakeUs6thUITests/Pods-MakeUs6th-MakeUs6thUITests-frameworks-${CONFIGURATION}-input-files.xcfilelist",
			);
			name = "[CP] Embed Pods Frameworks";
			outputFileListPaths = (
				"${PODS_ROOT}/Target Support Files/Pods-MakeUs6th-MakeUs6thUITests/Pods-MakeUs6th-MakeUs6thUITests-frameworks-${CONFIGURATION}-output-files.xcfilelist",
			);
			runOnlyForDeploymentPostprocessing = 0;
			shellPath = /bin/sh;
			shellScript = "\"${PODS_ROOT}/Target Support Files/Pods-MakeUs6th-MakeUs6thUITests/Pods-MakeUs6th-MakeUs6thUITests-frameworks.sh\"\n";
			showEnvVarsInLog = 0;
		};
		7BF679BE8F7567827B192198 /* [CP] Embed Pods Frameworks */ = {
			isa = PBXShellScriptBuildPhase;
			buildActionMask = 2147483647;
			files = (
			);
			inputFileListPaths = (
				"${PODS_ROOT}/Target Support Files/Pods-MakeUs6th/Pods-MakeUs6th-frameworks-${CONFIGURATION}-input-files.xcfilelist",
			);
			name = "[CP] Embed Pods Frameworks";
			outputFileListPaths = (
				"${PODS_ROOT}/Target Support Files/Pods-MakeUs6th/Pods-MakeUs6th-frameworks-${CONFIGURATION}-output-files.xcfilelist",
			);
			runOnlyForDeploymentPostprocessing = 0;
			shellPath = /bin/sh;
			shellScript = "\"${PODS_ROOT}/Target Support Files/Pods-MakeUs6th/Pods-MakeUs6th-frameworks.sh\"\n";
			showEnvVarsInLog = 0;
		};
		A5B8F3C27A2313F2CBC75507 /* [CP] Check Pods Manifest.lock */ = {
			isa = PBXShellScriptBuildPhase;
			buildActionMask = 2147483647;
			files = (
			);
			inputFileListPaths = (
			);
			inputPaths = (
				"${PODS_PODFILE_DIR_PATH}/Podfile.lock",
				"${PODS_ROOT}/Manifest.lock",
			);
			name = "[CP] Check Pods Manifest.lock";
			outputFileListPaths = (
			);
			outputPaths = (
				"$(DERIVED_FILE_DIR)/Pods-MakeUs6thTests-checkManifestLockResult.txt",
			);
			runOnlyForDeploymentPostprocessing = 0;
			shellPath = /bin/sh;
			shellScript = "diff \"${PODS_PODFILE_DIR_PATH}/Podfile.lock\" \"${PODS_ROOT}/Manifest.lock\" > /dev/null\nif [ $? != 0 ] ; then\n    # print error to STDERR\n    echo \"error: The sandbox is not in sync with the Podfile.lock. Run 'pod install' or update your CocoaPods installation.\" >&2\n    exit 1\nfi\n# This output is used by Xcode 'outputs' to avoid re-running this script phase.\necho \"SUCCESS\" > \"${SCRIPT_OUTPUT_FILE_0}\"\n";
			showEnvVarsInLog = 0;
		};
		CE8261F62086913719B521EF /* [CP] Check Pods Manifest.lock */ = {
			isa = PBXShellScriptBuildPhase;
			buildActionMask = 2147483647;
			files = (
			);
			inputFileListPaths = (
			);
			inputPaths = (
				"${PODS_PODFILE_DIR_PATH}/Podfile.lock",
				"${PODS_ROOT}/Manifest.lock",
			);
			name = "[CP] Check Pods Manifest.lock";
			outputFileListPaths = (
			);
			outputPaths = (
				"$(DERIVED_FILE_DIR)/Pods-MakeUs6th-checkManifestLockResult.txt",
			);
			runOnlyForDeploymentPostprocessing = 0;
			shellPath = /bin/sh;
			shellScript = "diff \"${PODS_PODFILE_DIR_PATH}/Podfile.lock\" \"${PODS_ROOT}/Manifest.lock\" > /dev/null\nif [ $? != 0 ] ; then\n    # print error to STDERR\n    echo \"error: The sandbox is not in sync with the Podfile.lock. Run 'pod install' or update your CocoaPods installation.\" >&2\n    exit 1\nfi\n# This output is used by Xcode 'outputs' to avoid re-running this script phase.\necho \"SUCCESS\" > \"${SCRIPT_OUTPUT_FILE_0}\"\n";
			showEnvVarsInLog = 0;
		};
		F378A54C932C632A8303C8F1 /* [CP] Check Pods Manifest.lock */ = {
			isa = PBXShellScriptBuildPhase;
			buildActionMask = 2147483647;
			files = (
			);
			inputFileListPaths = (
			);
			inputPaths = (
				"${PODS_PODFILE_DIR_PATH}/Podfile.lock",
				"${PODS_ROOT}/Manifest.lock",
			);
			name = "[CP] Check Pods Manifest.lock";
			outputFileListPaths = (
			);
			outputPaths = (
				"$(DERIVED_FILE_DIR)/Pods-MakeUs6th-MakeUs6thUITests-checkManifestLockResult.txt",
			);
			runOnlyForDeploymentPostprocessing = 0;
			shellPath = /bin/sh;
			shellScript = "diff \"${PODS_PODFILE_DIR_PATH}/Podfile.lock\" \"${PODS_ROOT}/Manifest.lock\" > /dev/null\nif [ $? != 0 ] ; then\n    # print error to STDERR\n    echo \"error: The sandbox is not in sync with the Podfile.lock. Run 'pod install' or update your CocoaPods installation.\" >&2\n    exit 1\nfi\n# This output is used by Xcode 'outputs' to avoid re-running this script phase.\necho \"SUCCESS\" > \"${SCRIPT_OUTPUT_FILE_0}\"\n";
			showEnvVarsInLog = 0;
		};
/* End PBXShellScriptBuildPhase section */

/* Begin PBXSourcesBuildPhase section */
		3DC5097725DA4AF300E2579B /* Sources */ = {
			isa = PBXSourcesBuildPhase;
			buildActionMask = 2147483647;
			files = (
				3DC5098325DA4AF300E2579B /* ViewController.swift in Sources */,
				3D78326225E1555A000D96E4 /* BaseViewController.swift in Sources */,
				3D38FDAA25F1080F005A9547 /* UIViewController.swift in Sources */,
				3D38FD9525F106F0005A9547 /* Constant.swift in Sources */,
				3D38FDA525F107F7005A9547 /* UIButton.swift in Sources */,
				3D38FDA025F107DB005A9547 /* UIView.swift in Sources */,
				3D38FDB425F10A7B005A9547 /* BaseTabBarController.swift in Sources */,
				3DC5097F25DA4AF300E2579B /* AppDelegate.swift in Sources */,
				3DC5098125DA4AF300E2579B /* SceneDelegate.swift in Sources */,
				3D38FD9B25F1074E005A9547 /* Color.swift in Sources */,
				3D38FDBA25F10BBE005A9547 /* IndicatorView.swift in Sources */,
				3D38FDAF25F1082D005A9547 /* UINavigationBar.swift in Sources */,
			);
			runOnlyForDeploymentPostprocessing = 0;
		};
		3DC5098D25DA4AF400E2579B /* Sources */ = {
			isa = PBXSourcesBuildPhase;
			buildActionMask = 2147483647;
			files = (
				3DC5099625DA4AF400E2579B /* MakeUs6thTests.swift in Sources */,
			);
			runOnlyForDeploymentPostprocessing = 0;
		};
		3DC5099825DA4AF400E2579B /* Sources */ = {
			isa = PBXSourcesBuildPhase;
			buildActionMask = 2147483647;
			files = (
				3DC509A125DA4AF400E2579B /* MakeUs6thUITests.swift in Sources */,
			);
			runOnlyForDeploymentPostprocessing = 0;
		};
/* End PBXSourcesBuildPhase section */

/* Begin PBXTargetDependency section */
		3DC5099325DA4AF400E2579B /* PBXTargetDependency */ = {
			isa = PBXTargetDependency;
			target = 3DC5097A25DA4AF300E2579B /* MakeUs6th */;
			targetProxy = 3DC5099225DA4AF400E2579B /* PBXContainerItemProxy */;
		};
		3DC5099E25DA4AF400E2579B /* PBXTargetDependency */ = {
			isa = PBXTargetDependency;
			target = 3DC5097A25DA4AF300E2579B /* MakeUs6th */;
			targetProxy = 3DC5099D25DA4AF400E2579B /* PBXContainerItemProxy */;
		};
/* End PBXTargetDependency section */

/* Begin PBXVariantGroup section */
		3DC5098425DA4AF300E2579B /* Main.storyboard */ = {
			isa = PBXVariantGroup;
			children = (
				3DC5098525DA4AF300E2579B /* Base */,
			);
			name = Main.storyboard;
			sourceTree = "<group>";
		};
		3DC5098925DA4AF400E2579B /* LaunchScreen.storyboard */ = {
			isa = PBXVariantGroup;
			children = (
				3DC5098A25DA4AF400E2579B /* Base */,
			);
			name = LaunchScreen.storyboard;
			sourceTree = "<group>";
		};
/* End PBXVariantGroup section */

/* Begin XCBuildConfiguration section */
		3DC509A325DA4AF400E2579B /* Debug */ = {
			isa = XCBuildConfiguration;
			buildSettings = {
				ALWAYS_SEARCH_USER_PATHS = NO;
				CLANG_ANALYZER_NONNULL = YES;
				CLANG_ANALYZER_NUMBER_OBJECT_CONVERSION = YES_AGGRESSIVE;
				CLANG_CXX_LANGUAGE_STANDARD = "gnu++14";
				CLANG_CXX_LIBRARY = "libc++";
				CLANG_ENABLE_MODULES = YES;
				CLANG_ENABLE_OBJC_ARC = YES;
				CLANG_ENABLE_OBJC_WEAK = YES;
				CLANG_WARN_BLOCK_CAPTURE_AUTORELEASING = YES;
				CLANG_WARN_BOOL_CONVERSION = YES;
				CLANG_WARN_COMMA = YES;
				CLANG_WARN_CONSTANT_CONVERSION = YES;
				CLANG_WARN_DEPRECATED_OBJC_IMPLEMENTATIONS = YES;
				CLANG_WARN_DIRECT_OBJC_ISA_USAGE = YES_ERROR;
				CLANG_WARN_DOCUMENTATION_COMMENTS = YES;
				CLANG_WARN_EMPTY_BODY = YES;
				CLANG_WARN_ENUM_CONVERSION = YES;
				CLANG_WARN_INFINITE_RECURSION = YES;
				CLANG_WARN_INT_CONVERSION = YES;
				CLANG_WARN_NON_LITERAL_NULL_CONVERSION = YES;
				CLANG_WARN_OBJC_IMPLICIT_RETAIN_SELF = YES;
				CLANG_WARN_OBJC_LITERAL_CONVERSION = YES;
				CLANG_WARN_OBJC_ROOT_CLASS = YES_ERROR;
				CLANG_WARN_QUOTED_INCLUDE_IN_FRAMEWORK_HEADER = YES;
				CLANG_WARN_RANGE_LOOP_ANALYSIS = YES;
				CLANG_WARN_STRICT_PROTOTYPES = YES;
				CLANG_WARN_SUSPICIOUS_MOVE = YES;
				CLANG_WARN_UNGUARDED_AVAILABILITY = YES_AGGRESSIVE;
				CLANG_WARN_UNREACHABLE_CODE = YES;
				CLANG_WARN__DUPLICATE_METHOD_MATCH = YES;
				COPY_PHASE_STRIP = NO;
				DEBUG_INFORMATION_FORMAT = dwarf;
				ENABLE_STRICT_OBJC_MSGSEND = YES;
				ENABLE_TESTABILITY = YES;
				GCC_C_LANGUAGE_STANDARD = gnu11;
				GCC_DYNAMIC_NO_PIC = NO;
				GCC_NO_COMMON_BLOCKS = YES;
				GCC_OPTIMIZATION_LEVEL = 0;
				GCC_PREPROCESSOR_DEFINITIONS = (
					"DEBUG=1",
					"$(inherited)",
				);
				GCC_WARN_64_TO_32_BIT_CONVERSION = YES;
				GCC_WARN_ABOUT_RETURN_TYPE = YES_ERROR;
				GCC_WARN_UNDECLARED_SELECTOR = YES;
				GCC_WARN_UNINITIALIZED_AUTOS = YES_AGGRESSIVE;
				GCC_WARN_UNUSED_FUNCTION = YES;
				GCC_WARN_UNUSED_VARIABLE = YES;
				IPHONEOS_DEPLOYMENT_TARGET = 14.0;
				MTL_ENABLE_DEBUG_INFO = INCLUDE_SOURCE;
				MTL_FAST_MATH = YES;
				ONLY_ACTIVE_ARCH = YES;
				SDKROOT = iphoneos;
				SWIFT_ACTIVE_COMPILATION_CONDITIONS = DEBUG;
				SWIFT_OPTIMIZATION_LEVEL = "-Onone";
			};
			name = Debug;
		};
		3DC509A425DA4AF400E2579B /* Release */ = {
			isa = XCBuildConfiguration;
			buildSettings = {
				ALWAYS_SEARCH_USER_PATHS = NO;
				CLANG_ANALYZER_NONNULL = YES;
				CLANG_ANALYZER_NUMBER_OBJECT_CONVERSION = YES_AGGRESSIVE;
				CLANG_CXX_LANGUAGE_STANDARD = "gnu++14";
				CLANG_CXX_LIBRARY = "libc++";
				CLANG_ENABLE_MODULES = YES;
				CLANG_ENABLE_OBJC_ARC = YES;
				CLANG_ENABLE_OBJC_WEAK = YES;
				CLANG_WARN_BLOCK_CAPTURE_AUTORELEASING = YES;
				CLANG_WARN_BOOL_CONVERSION = YES;
				CLANG_WARN_COMMA = YES;
				CLANG_WARN_CONSTANT_CONVERSION = YES;
				CLANG_WARN_DEPRECATED_OBJC_IMPLEMENTATIONS = YES;
				CLANG_WARN_DIRECT_OBJC_ISA_USAGE = YES_ERROR;
				CLANG_WARN_DOCUMENTATION_COMMENTS = YES;
				CLANG_WARN_EMPTY_BODY = YES;
				CLANG_WARN_ENUM_CONVERSION = YES;
				CLANG_WARN_INFINITE_RECURSION = YES;
				CLANG_WARN_INT_CONVERSION = YES;
				CLANG_WARN_NON_LITERAL_NULL_CONVERSION = YES;
				CLANG_WARN_OBJC_IMPLICIT_RETAIN_SELF = YES;
				CLANG_WARN_OBJC_LITERAL_CONVERSION = YES;
				CLANG_WARN_OBJC_ROOT_CLASS = YES_ERROR;
				CLANG_WARN_QUOTED_INCLUDE_IN_FRAMEWORK_HEADER = YES;
				CLANG_WARN_RANGE_LOOP_ANALYSIS = YES;
				CLANG_WARN_STRICT_PROTOTYPES = YES;
				CLANG_WARN_SUSPICIOUS_MOVE = YES;
				CLANG_WARN_UNGUARDED_AVAILABILITY = YES_AGGRESSIVE;
				CLANG_WARN_UNREACHABLE_CODE = YES;
				CLANG_WARN__DUPLICATE_METHOD_MATCH = YES;
				COPY_PHASE_STRIP = NO;
				DEBUG_INFORMATION_FORMAT = "dwarf-with-dsym";
				ENABLE_NS_ASSERTIONS = NO;
				ENABLE_STRICT_OBJC_MSGSEND = YES;
				GCC_C_LANGUAGE_STANDARD = gnu11;
				GCC_NO_COMMON_BLOCKS = YES;
				GCC_WARN_64_TO_32_BIT_CONVERSION = YES;
				GCC_WARN_ABOUT_RETURN_TYPE = YES_ERROR;
				GCC_WARN_UNDECLARED_SELECTOR = YES;
				GCC_WARN_UNINITIALIZED_AUTOS = YES_AGGRESSIVE;
				GCC_WARN_UNUSED_FUNCTION = YES;
				GCC_WARN_UNUSED_VARIABLE = YES;
				IPHONEOS_DEPLOYMENT_TARGET = 14.0;
				MTL_ENABLE_DEBUG_INFO = NO;
				MTL_FAST_MATH = YES;
				SDKROOT = iphoneos;
				SWIFT_COMPILATION_MODE = wholemodule;
				SWIFT_OPTIMIZATION_LEVEL = "-O";
				VALIDATE_PRODUCT = YES;
			};
			name = Release;
		};
		3DC509A625DA4AF400E2579B /* Debug */ = {
			isa = XCBuildConfiguration;
			baseConfigurationReference = 84EEBF91C8F1429AF5F7C103 /* Pods-MakeUs6th.debug.xcconfig */;
			buildSettings = {
				ASSETCATALOG_COMPILER_APPICON_NAME = AppIcon;
				ASSETCATALOG_COMPILER_GLOBAL_ACCENT_COLOR_NAME = AccentColor;
				CODE_SIGN_STYLE = Automatic;
				CURRENT_PROJECT_VERSION = 1;
				DEVELOPMENT_TEAM = GLQQLN3R4U;
				INFOPLIST_FILE = MakeUs6th/Info.plist;
				IPHONEOS_DEPLOYMENT_TARGET = 13.0;
				LD_RUNPATH_SEARCH_PATHS = (
					"$(inherited)",
					"@executable_path/Frameworks",
				);
				MARKETING_VERSION = 1.0.0;
				PRODUCT_BUNDLE_IDENTIFIER = "com.miori.dev-ios.MakeUs6th";
				PRODUCT_NAME = "$(TARGET_NAME)";
				SWIFT_VERSION = 5.0;
				TARGETED_DEVICE_FAMILY = 1;
			};
			name = Debug;
		};
		3DC509A725DA4AF400E2579B /* Release */ = {
			isa = XCBuildConfiguration;
			baseConfigurationReference = ADB334690D781C0C16465366 /* Pods-MakeUs6th.release.xcconfig */;
			buildSettings = {
				ASSETCATALOG_COMPILER_APPICON_NAME = AppIcon;
				ASSETCATALOG_COMPILER_GLOBAL_ACCENT_COLOR_NAME = AccentColor;
				CODE_SIGN_STYLE = Automatic;
				CURRENT_PROJECT_VERSION = 1;
				DEVELOPMENT_TEAM = GLQQLN3R4U;
				INFOPLIST_FILE = MakeUs6th/Info.plist;
				IPHONEOS_DEPLOYMENT_TARGET = 13.0;
				LD_RUNPATH_SEARCH_PATHS = (
					"$(inherited)",
					"@executable_path/Frameworks",
				);
				MARKETING_VERSION = 1.0.0;
				PRODUCT_BUNDLE_IDENTIFIER = "com.miori.dev-ios.MakeUs6th";
				PRODUCT_NAME = "$(TARGET_NAME)";
				SWIFT_VERSION = 5.0;
				TARGETED_DEVICE_FAMILY = 1;
			};
			name = Release;
		};
		3DC509A925DA4AF400E2579B /* Debug */ = {
			isa = XCBuildConfiguration;
			baseConfigurationReference = DC145DBE2F322EEF9FF17E19 /* Pods-MakeUs6thTests.debug.xcconfig */;
			buildSettings = {
				ALWAYS_EMBED_SWIFT_STANDARD_LIBRARIES = YES;
				BUNDLE_LOADER = "$(TEST_HOST)";
				CODE_SIGN_STYLE = Automatic;
				DEVELOPMENT_TEAM = GLQQLN3R4U;
				INFOPLIST_FILE = MakeUs6thTests/Info.plist;
				IPHONEOS_DEPLOYMENT_TARGET = 14.4;
				LD_RUNPATH_SEARCH_PATHS = (
					"$(inherited)",
					"@executable_path/Frameworks",
					"@loader_path/Frameworks",
				);
				PRODUCT_BUNDLE_IDENTIFIER = "com.miori.dev-ios.MakeUs6thTests";
				PRODUCT_NAME = "$(TARGET_NAME)";
				SWIFT_VERSION = 5.0;
				TARGETED_DEVICE_FAMILY = "1,2";
				TEST_HOST = "$(BUILT_PRODUCTS_DIR)/MakeUs6th.app/MakeUs6th";
			};
			name = Debug;
		};
		3DC509AA25DA4AF400E2579B /* Release */ = {
			isa = XCBuildConfiguration;
			baseConfigurationReference = BCF026A6FC6B8448DA9B5F03 /* Pods-MakeUs6thTests.release.xcconfig */;
			buildSettings = {
				ALWAYS_EMBED_SWIFT_STANDARD_LIBRARIES = YES;
				BUNDLE_LOADER = "$(TEST_HOST)";
				CODE_SIGN_STYLE = Automatic;
				DEVELOPMENT_TEAM = GLQQLN3R4U;
				INFOPLIST_FILE = MakeUs6thTests/Info.plist;
				IPHONEOS_DEPLOYMENT_TARGET = 14.4;
				LD_RUNPATH_SEARCH_PATHS = (
					"$(inherited)",
					"@executable_path/Frameworks",
					"@loader_path/Frameworks",
				);
				PRODUCT_BUNDLE_IDENTIFIER = "com.miori.dev-ios.MakeUs6thTests";
				PRODUCT_NAME = "$(TARGET_NAME)";
				SWIFT_VERSION = 5.0;
				TARGETED_DEVICE_FAMILY = "1,2";
				TEST_HOST = "$(BUILT_PRODUCTS_DIR)/MakeUs6th.app/MakeUs6th";
			};
			name = Release;
		};
		3DC509AC25DA4AF400E2579B /* Debug */ = {
			isa = XCBuildConfiguration;
			baseConfigurationReference = 6BF97901F021DD2EEC916BD8 /* Pods-MakeUs6th-MakeUs6thUITests.debug.xcconfig */;
			buildSettings = {
				ALWAYS_EMBED_SWIFT_STANDARD_LIBRARIES = YES;
				CODE_SIGN_STYLE = Automatic;
				DEVELOPMENT_TEAM = GLQQLN3R4U;
				INFOPLIST_FILE = MakeUs6thUITests/Info.plist;
				LD_RUNPATH_SEARCH_PATHS = (
					"$(inherited)",
					"@executable_path/Frameworks",
					"@loader_path/Frameworks",
				);
				PRODUCT_BUNDLE_IDENTIFIER = "com.miori.dev-ios.MakeUs6thUITests";
				PRODUCT_NAME = "$(TARGET_NAME)";
				SWIFT_VERSION = 5.0;
				TARGETED_DEVICE_FAMILY = "1,2";
				TEST_TARGET_NAME = MakeUs6th;
			};
			name = Debug;
		};
		3DC509AD25DA4AF400E2579B /* Release */ = {
			isa = XCBuildConfiguration;
			baseConfigurationReference = 7F76AB6DE1C983CA5EDF93D3 /* Pods-MakeUs6th-MakeUs6thUITests.release.xcconfig */;
			buildSettings = {
				ALWAYS_EMBED_SWIFT_STANDARD_LIBRARIES = YES;
				CODE_SIGN_STYLE = Automatic;
				DEVELOPMENT_TEAM = GLQQLN3R4U;
				INFOPLIST_FILE = MakeUs6thUITests/Info.plist;
				LD_RUNPATH_SEARCH_PATHS = (
					"$(inherited)",
					"@executable_path/Frameworks",
					"@loader_path/Frameworks",
				);
				PRODUCT_BUNDLE_IDENTIFIER = "com.miori.dev-ios.MakeUs6thUITests";
				PRODUCT_NAME = "$(TARGET_NAME)";
				SWIFT_VERSION = 5.0;
				TARGETED_DEVICE_FAMILY = "1,2";
				TEST_TARGET_NAME = MakeUs6th;
			};
			name = Release;
		};
/* End XCBuildConfiguration section */

/* Begin XCConfigurationList section */
		3DC5097625DA4AF300E2579B /* Build configuration list for PBXProject "MakeUs6th" */ = {
			isa = XCConfigurationList;
			buildConfigurations = (
				3DC509A325DA4AF400E2579B /* Debug */,
				3DC509A425DA4AF400E2579B /* Release */,
			);
			defaultConfigurationIsVisible = 0;
			defaultConfigurationName = Release;
		};
		3DC509A525DA4AF400E2579B /* Build configuration list for PBXNativeTarget "MakeUs6th" */ = {
			isa = XCConfigurationList;
			buildConfigurations = (
				3DC509A625DA4AF400E2579B /* Debug */,
				3DC509A725DA4AF400E2579B /* Release */,
			);
			defaultConfigurationIsVisible = 0;
			defaultConfigurationName = Release;
		};
		3DC509A825DA4AF400E2579B /* Build configuration list for PBXNativeTarget "MakeUs6thTests" */ = {
			isa = XCConfigurationList;
			buildConfigurations = (
				3DC509A925DA4AF400E2579B /* Debug */,
				3DC509AA25DA4AF400E2579B /* Release */,
			);
			defaultConfigurationIsVisible = 0;
			defaultConfigurationName = Release;
		};
		3DC509AB25DA4AF400E2579B /* Build configuration list for PBXNativeTarget "MakeUs6thUITests" */ = {
			isa = XCConfigurationList;
			buildConfigurations = (
				3DC509AC25DA4AF400E2579B /* Debug */,
				3DC509AD25DA4AF400E2579B /* Release */,
			);
			defaultConfigurationIsVisible = 0;
			defaultConfigurationName = Release;
		};
/* End XCConfigurationList section */
	};
	rootObject = 3DC5097325DA4AF300E2579B /* Project object */;
}
